# This file is automatically @generated by Poetry 1.8.2 and should not be changed by hand.

[[package]]
name = "asgiref"
version = "3.12.1"
description = "ASGI specs, helper code, and adapters"
optional = false
python-versions = ">=3.10"
files = [
    {file = "asgiref-3.12.1-py3-none-any.whl", hash = "sha256:fe386d1c2bff7259ea95929266d12a8cf9a8b5a1c2598402967d8792e7a7c094"},
    {file = "asgiref-3.12.1.tar.gz", hash = "sha256:59dcb51c272ad209d59bed5708a64a333083e86017d7fcdd67498eeab7784340"},
]

[package.extras]
mypy = ["mypy (>=1.14.0)"]
tests = ["pytest", "pytest-asyncio"]

[[package]]
name = "django"
version = "6.1.1"
description = "A high-level Python web framework that encourages rapid development and clean, pragmatic design."
optional = false
python-versions = ">=3.12"
files = [
    {file = "django-6.1.1-py3-none-any.whl", hash = "sha256:585fb82bf15053c42cf52e67c2f1b54a032dca384759315fd6678ab1870d1d72"},
    {file = "django-6.1.1.tar.gz", hash = "sha256:7ab93536d8e677aa14554c56426290c69480bf2ee68d7513d4a22f57d6bfeb84"},
]

[package.dependencies]
asgiref = ">=3.9.1"
sqlparse = ">=0.5.0"
tzdata = {version = "*", markers = "sys_platform == \"win32\""}

[package.extras]
argon2 = ["argon2-cffi (>=23.1.0)"]
bcrypt = ["bcrypt (>=4.1.1)"]

[[package]]
name = "djangorestframework"
version = "3.18.1"
description = "Web APIs for Django, made easy."
optional = false
python-versions = ">=3.10"
files = [
    {file = "djangorestframework-3.18.1-py3-none-any.whl", hash = "sha256:f1409d698967aaf82d5d98d76b549c8fba8bd92ebd0d83d24454508f72168dc2"},
    {file = "djangorestframework-3.18.1.tar.gz", hash = "sha256:605d79fa2ec2f02905492e5ea13d903c2d842d0b4c915a57f7bf02ab9f3c91dd"},
]

[package.dependencies]
django = ">=5.2"

[[package]]
name = "psycopg"
version = "3.3.5"
description = "PostgreSQL database adapter for Python"
optional = false
python-versions = ">=3.10"
files = [
    {file = "psycopg-3.3.5-py3-none-any.whl", hash = "sha256:ce5aa5cdb4f9379f00f487590e5890bfa7df9a164648c969ffa628505e21af4e"},
    {file = "psycopg-3.3.5.tar.gz", hash = "sha256:d0a3d9ccf5788af054cbd745278cb02401b5c312aeaafbf2c6144460aec47da4"},
]

[package.dependencies]
typing-extensions = {version = ">=4.6", markers = "python_version < \"3.13\""}
tzdata = {version = "*", markers = "sys_platform == \"win32\""}

[package.extras]
binary = ["psycopg-binary (==3.3.5)"]
c = ["psycopg-c (==3.3.5)"]
dev = ["ast-comments (>=1.1.2)", "black (>=26.1.0)", "codespell (>=2.2)", "cython-lint (>=0.21)", "dnspython (>=2.1)", "flake8 (>=4.0)", "isort-psycopg", "isort[colors] (>=6.0,<9.0)", "mypy (>=2.1.0)", "pre-commit (>=4.0.1)", "types-setuptools (>=57.4)", "types-shapely (>=2.0)", "wheel (>=0.37)"]
docs = ["Sphinx (>=9.1)", "furo (==2025.12.19)", "sphinx-autobuild (>=2025.8.25)", "sphinx-autodoc-typehints (>=3.10.2)"]
pool = ["psycopg-pool"]
test = ["anyio (>=4.0)", "mypy (>=2.1.0)", "pproxy (>=2.7)", "pytest (>=6.2.5)", "pytest-cov (>=3.0)", "pytest-randomly (>=3.5)"]

[[package]]
name = "sqlparse"
version = "0.6.0"
description = "A non-validating SQL parser."
optional = false
python-versions = ">=3.10"
files = [
    {file = "sqlparse-0.6.0-py3-none-any.whl", hash = "sha256:b861c0288ce2fa56209a9a6412d2e066ac664b3873b89c26c9d8415e8e32996f"},
    {file = "sqlparse-0.6.0.tar.gz", hash = "sha256:113c35c75365ab9cc9c7231d68c6428fb11c085fc8e9eb1ad659b7ddbf6cd2b9"},
]

[package.extras]
dev = ["build"]
doc = ["furo", "sphinx"]

[[package]]
name = "typing-extensions"
version = "4.16.0"
description = "Backported and Experimental Type Hints for Python 3.9+"
optional = false
python-versions = ">=3.9"
files = [
    {file = "typing_extensions-4.16.0-py3-none-any.whl", hash = "sha256:481caa481374e813c1b176ada14e97f1f67a4539ce9cfeb3f350d78d6370c2e8"},
    {file = "typing_extensions-4.16.0.tar.gz", hash = "sha256:dc983d19a509c94dba722ee6abd33940f7c05a89e243c47e907eb4db6f1a43e5"},
]

[[package]]
name = "tzdata"
version = "2026.4"
description = "Provider of IANA time zone data"
optional = false
python-versions = ">=2"
files = [
    {file = "tzdata-2026.4-py2.py3-none-any.whl", hash = "sha256:c2169a8b0a7a5e9674da5a135ccdfb2b3e671b333ed9fed17b41f73c34476e81"},
    {file = "tzdata-2026.4.tar.gz", hash = "sha256:f1b8bd365d8d210c55353f4d7f8d6d8561c0ba50d704b700d195a9424bba0d79"},
]

[metadata]
lock-version = "2.0"
python-versions = "^3.12"
content-hash = "3a28774ef442c84900fb8935fe03667ce78ba2b4433bf53dde03bb76e2b45fbc"
